// !$*UTF8*$!
{
	archiveVersion = 1;
	classes = {
	};
	objectVersion = 56;
	objects = {

/* Begin PBXBuildFile section */
		A10000000000000000000001 /* WPhoneApp.swift in Sources */ = {isa = PBXBuildFile; fileRef = A20000000000000000000001 /* WPhoneApp.swift */; };
		A10000000000000000000002 /* TunnelController.swift in Sources */ = {isa = PBXBuildFile; fileRef = A20000000000000000000002 /* TunnelController.swift */; };
		A10000000000000000000003 /* SharedLogger.swift in Sources */ = {isa = PBXBuildFile; fileRef = A20000000000000000000004 /* SharedLogger.swift */; };
		A10000000000000000000004 /* PacketTunnelProvider.swift in Sources */ = {isa = PBXBuildFile; fileRef = A20000000000000000000003 /* PacketTunnelProvider.swift */; };
		A10000000000000000000005 /* SharedLogger.swift in Sources */ = {isa = PBXBuildFile; fileRef = A20000000000000000000004 /* SharedLogger.swift */; };
		A10000000000000000000006 /* PacketTunnel.appex in Embed App Extensions */ = {isa = PBXBuildFile; fileRef = A20000000000000000000008 /* PacketTunnel.appex */; settings = {ATTRIBUTES = (CodeSignOnCopy, RemoveHeadersOnCopy, ); }; };
		A10000000000000000000007 /* WPhoneEventAPI.swift in Sources */ = {isa = PBXBuildFile; fileRef = A20000000000000000000011 /* WPhoneEventAPI.swift */; };
		A10000000000000000000008 /* NotificationRouting.swift in Sources */ = {isa = PBXBuildFile; fileRef = A20000000000000000000012 /* NotificationRouting.swift */; };
		A10000000000000000000009 /* NotificationRouting.swift in Sources */ = {isa = PBXBuildFile; fileRef = A20000000000000000000012 /* NotificationRouting.swift */; };
		A10000000000000000000010 /* AlarmBridge.swift in Sources */ = {isa = PBXBuildFile; fileRef = A20000000000000000000013 /* AlarmBridge.swift */; };
		A10000000000000000000011 /* AlarmBridge.swift in Sources */ = {isa = PBXBuildFile; fileRef = A20000000000000000000013 /* AlarmBridge.swift */; };
		A10000000000000000000012 /* WPhoneRelayChannel.swift in Sources */ = {isa = PBXBuildFile; fileRef = A20000000000000000000014 /* WPhoneRelayChannel.swift */; };
/* End PBXBuildFile section */

/* Begin PBXContainerItemProxy section */
		A60000000000000000000002 /* PBXContainerItemProxy */ = {
			isa = PBXContainerItemProxy;
			containerPortal = A70000000000000000000001 /* Project object */;
			proxyType = 1;
			remoteGlobalIDString = A50000000000000000000002;
			remoteInfo = PacketTunnel;
		};
/* End PBXContainerItemProxy section */

/* Begin PBXCopyFilesBuildPhase section */
		A40000000000000000000003 /* Embed App Extensions */ = {
			isa = PBXCopyFilesBuildPhase;
			buildActionMask = 2147483647;
			dstPath = "";
			dstSubfolderSpec = 13;
			files = (
				A10000000000000000000006 /* PacketTunnel.appex in Embed App Extensions */,
			);
			name = "Embed App Extensions";
			runOnlyForDeploymentPostprocessing = 0;
		};
/* End PBXCopyFilesBuildPhase section */

/* Begin PBXFileReference section */
		A20000000000000000000001 /* WPhoneApp.swift */ = {isa = PBXFileReference; lastKnownFileType = sourcecode.swift; path = WPhoneApp.swift; sourceTree = "<group>"; };
		A20000000000000000000002 /* TunnelController.swift */ = {isa = PBXFileReference; lastKnownFileType = sourcecode.swift; path = TunnelController.swift; sourceTree = "<group>"; };
		A20000000000000000000003 /* PacketTunnelProvider.swift */ = {isa = PBXFileReference; lastKnownFileType = sourcecode.swift; path = PacketTunnelProvider.swift; sourceTree = "<group>"; };
		A20000000000000000000004 /* SharedLogger.swift */ = {isa = PBXFileReference; lastKnownFileType = sourcecode.swift; path = SharedLogger.swift; sourceTree = "<group>"; };
		A20000000000000000000005 /* Main-Info.plist */ = {isa = PBXFileReference; lastKnownFileType = text.plist.xml; path = "Main-Info.plist"; sourceTree = "<group>"; };
		A20000000000000000000006 /* PacketTunnel-Info.plist */ = {isa = PBXFileReference; lastKnownFileType = text.plist.xml; path = "PacketTunnel-Info.plist"; sourceTree = "<group>"; };
		A20000000000000000000007 /* Main.entitlements */ = {isa = PBXFileReference; lastKnownFileType = text.plist.entitlements; path = Main.entitlements; sourceTree = "<group>"; };
		A20000000000000000000009 /* PacketTunnel.entitlements */ = {isa = PBXFileReference; lastKnownFileType = text.plist.entitlements; path = PacketTunnel.entitlements; sourceTree = "<group>"; };
		A20000000000000000000008 /* PacketTunnel.appex */ = {isa = PBXFileReference; explicitFileType = wrapper.app-extension; includeInIndex = 0; path = PacketTunnel.appex; sourceTree = BUILT_PRODUCTS_DIR; };
		A20000000000000000000010 /* WPhone.app */ = {isa = PBXFileReference; explicitFileType = wrapper.application; includeInIndex = 0; path = WPhone.app; sourceTree = BUILT_PRODUCTS_DIR; };
		A20000000000000000000011 /* WPhoneEventAPI.swift */ = {isa = PBXFileReference; lastKnownFileType = sourcecode.swift; path = WPhoneEventAPI.swift; sourceTree = "<group>"; };
		A20000000000000000000012 /* NotificationRouting.swift */ = {isa = PBXFileReference; lastKnownFileType = sourcecode.swift; path = NotificationRouting.swift; sourceTree = "<group>"; };
		A20000000000000000000013 /* AlarmBridge.swift */ = {isa = PBXFileReference; lastKnownFileType = sourcecode.swift; path = AlarmBridge.swift; sourceTree = "<group>"; };
		A20000000000000000000014 /* WPhoneRelayChannel.swift */ = {isa = PBXFileReference; lastKnownFileType = sourcecode.swift; path = WPhoneRelayChannel.swift; sourceTree = "<group>"; };
/* End PBXFileReference section */

/* Begin PBXFrameworksBuildPhase section */
		A40000000000000000000002 /* Frameworks */ = {
			isa = PBXFrameworksBuildPhase;
			buildActionMask = 2147483647;
			files = (
			);
			runOnlyForDeploymentPostprocessing = 0;
		};
		A40000000000000000000005 /* Frameworks */ = {
			isa = PBXFrameworksBuildPhase;
			buildActionMask = 2147483647;
			files = (
			);
			runOnlyForDeploymentPostprocessing = 0;
		};
/* End PBXFrameworksBuildPhase section */

/* Begin PBXGroup section */
		A30000000000000000000001 = {
			isa = PBXGroup;
			children = (
				A30000000000000000000002 /* Sources */,
				A30000000000000000000006 /* InfoPlist */,
				A30000000000000000000007 /* Entitlements */,
				A30000000000000000000008 /* Products */,
			);
			sourceTree = "<group>";
		};
		A30000000000000000000002 /* Sources */ = {
			isa = PBXGroup;
			children = (
				A30000000000000000000003 /* HostApp */,
				A30000000000000000000004 /* PacketTunnel */,
				A30000000000000000000005 /* Shared */,
			);
			path = Sources;
			sourceTree = "<group>";
		};
		A30000000000000000000003 /* HostApp */ = {
			isa = PBXGroup;
			children = (
				A20000000000000000000001 /* WPhoneApp.swift */,
				A20000000000000000000002 /* TunnelController.swift */,
			);
			path = HostApp;
			sourceTree = "<group>";
		};
		A30000000000000000000004 /* PacketTunnel */ = {
			isa = PBXGroup;
			children = (
				A20000000000000000000003 /* PacketTunnelProvider.swift */,
				A20000000000000000000011 /* WPhoneEventAPI.swift */,
				A20000000000000000000014 /* WPhoneRelayChannel.swift */,
			);
			path = PacketTunnel;
			sourceTree = "<group>";
		};
		A30000000000000000000005 /* Shared */ = {
			isa = PBXGroup;
			children = (
				A20000000000000000000004 /* SharedLogger.swift */,
				A20000000000000000000012 /* NotificationRouting.swift */,
				A20000000000000000000013 /* AlarmBridge.swift */,
			);
			path = Shared;
			sourceTree = "<group>";
		};
		A30000000000000000000006 /* InfoPlist */ = {
			isa = PBXGroup;
			children = (
				A20000000000000000000005 /* Main-Info.plist */,
				A20000000000000000000006 /* PacketTunnel-Info.plist */,
			);
			path = InfoPlist;
			sourceTree = "<group>";
		};
		A30000000000000000000007 /* Entitlements */ = {
			isa = PBXGroup;
			children = (
				A20000000000000000000007 /* Main.entitlements */,
				A20000000000000000000009 /* PacketTunnel.entitlements */,
			);
			path = Entitlements;
			sourceTree = "<group>";
		};
		A30000000000000000000008 /* Products */ = {
			isa = PBXGroup;
			children = (
				A20000000000000000000010 /* WPhone.app */,
				A20000000000000000000008 /* PacketTunnel.appex */,
			);
			name = Products;
			sourceTree = "<group>";
		};
/* End PBXGroup section */

/* Begin PBXNativeTarget section */
		A50000000000000000000001 /* WPhone */ = {
			isa = PBXNativeTarget;
			buildConfigurationList = A80000000000000000000002 /* Build configuration list for PBXNativeTarget "WPhone" */;
			buildPhases = (
				A40000000000000000000001 /* Sources */,
				A40000000000000000000002 /* Frameworks */,
				A40000000000000000000003 /* Embed App Extensions */,
			);
			buildRules = (
			);
			dependencies = (
				A60000000000000000000001 /* PBXTargetDependency */,
			);
			name = WPhone;
			productName = WPhone;
			productReference = A20000000000000000000010 /* WPhone.app */;
			productType = "com.apple.product-type.application";
		};
		A50000000000000000000002 /* PacketTunnel */ = {
			isa = PBXNativeTarget;
			buildConfigurationList = A80000000000000000000003 /* Build configuration list for PBXNativeTarget "PacketTunnel" */;
			buildPhases = (
				A40000000000000000000004 /* Sources */,
				A40000000000000000000005 /* Frameworks */,
			);
			buildRules = (
			);
			dependencies = (
			);
			name = PacketTunnel;
			productName = PacketTunnel;
			productReference = A20000000000000000000008 /* PacketTunnel.appex */;
			productType = "com.apple.product-type.app-extension";
		};
/* End PBXNativeTarget section */

/* Begin PBXProject section */
		A70000000000000000000001 /* Project object */ = {
			isa = PBXProject;
			attributes = {
				BuildIndependentTargetsInParallel = 1;
				LastSwiftUpdateCheck = 1500;
				LastUpgradeCheck = 1500;
				TargetAttributes = {
					A50000000000000000000001 = {
						CreatedOnToolsVersion = 15.0;
					};
					A50000000000000000000002 = {
						CreatedOnToolsVersion = 15.0;
					};
				};
			};
			buildConfigurationList = A80000000000000000000001 /* Build configuration list for PBXProject "WPhone" */;
			compatibilityVersion = "Xcode 14.0";
			developmentRegion = en;
			hasScannedForEncodings = 0;
			knownRegions = (
				en,
				Base,
			);
			mainGroup = A30000000000000000000001;
			productRefGroup = A30000000000000000000008 /* Products */;
			projectDirPath = "";
			projectRoot = "";
			targets = (
				A50000000000000000000001 /* WPhone */,
				A50000000000000000000002 /* PacketTunnel */,
			);
		};
/* End PBXProject section */

/* Begin PBXSourcesBuildPhase section */
		A40000000000000000000001 /* Sources */ = {
			isa = PBXSourcesBuildPhase;
			buildActionMask = 2147483647;
			files = (
				A10000000000000000000001 /* WPhoneApp.swift in Sources */,
				A10000000000000000000002 /* TunnelController.swift in Sources */,
				A10000000000000000000003 /* SharedLogger.swift in Sources */,
				A10000000000000000000008 /* NotificationRouting.swift in Sources */,
				A10000000000000000000010 /* AlarmBridge.swift in Sources */,
			);
			runOnlyForDeploymentPostprocessing = 0;
		};
		A40000000000000000000004 /* Sources */ = {
			isa = PBXSourcesBuildPhase;
			buildActionMask = 2147483647;
			files = (
				A10000000000000000000004 /* PacketTunnelProvider.swift in Sources */,
				A10000000000000000000005 /* SharedLogger.swift in Sources */,
				A10000000000000000000007 /* WPhoneEventAPI.swift in Sources */,
				A10000000000000000000009 /* NotificationRouting.swift in Sources */,
				A10000000000000000000011 /* AlarmBridge.swift in Sources */,
				A10000000000000000000012 /* WPhoneRelayChannel.swift in Sources */,
			);
			runOnlyForDeploymentPostprocessing = 0;
		};
/* End PBXSourcesBuildPhase section */

/* Begin PBXTargetDependency section */
		A60000000000000000000001 /* PBXTargetDependency */ = {
			isa = PBXTargetDependency;
			target = A50000000000000000000002 /* PacketTunnel */;
			targetProxy = A60000000000000000000002 /* PBXContainerItemProxy */;
		};
/* End PBXTargetDependency section */

/* Begin XCBuildConfiguration section */
		A90000000000000000000001 /* Debug */ = {
			isa = XCBuildConfiguration;
			buildSettings = {
				CLANG_CXX_LANGUAGE_STANDARD = "gnu++20";
				CLANG_ENABLE_MODULES = YES;
				CLANG_ENABLE_OBJC_ARC = YES;
				CLANG_WARN_DOCUMENTATION_COMMENTS = YES;
				CLANG_WARN_QUOTED_INCLUDE_IN_FRAMEWORK_HEADER = YES;
				CLANG_WARN_UNGUARDED_AVAILABILITY = YES_AGGRESSIVE;
				CODE_SIGN_STYLE = Manual;
				COPY_PHASE_STRIP = NO;
				DEBUG_INFORMATION_FORMAT = dwarf;
				ENABLE_STRICT_OBJC_MSGSEND = YES;
				GCC_C_LANGUAGE_STANDARD = gnu17;
				GCC_NO_COMMON_BLOCKS = YES;
				GCC_WARN_64_TO_32_BIT_CONVERSION = YES;
				GCC_WARN_UNDECLARED_SELECTOR = YES;
				GCC_WARN_UNINITIALIZED_AUTOS = YES_AGGRESSIVE;
				IPHONEOS_DEPLOYMENT_TARGET = 26.0;
				MTL_FAST_MATH = YES;
				ONLY_ACTIVE_ARCH = YES;
				SDKROOT = iphoneos;
				SWIFT_ACTIVE_COMPILATION_CONDITIONS = DEBUG;
				SWIFT_OPTIMIZATION_LEVEL = "-Onone";
			};
			name = Debug;
		};
		A90000000000000000000002 /* Release */ = {
			isa = XCBuildConfiguration;
			buildSettings = {
				CLANG_CXX_LANGUAGE_STANDARD = "gnu++20";
				CLANG_ENABLE_MODULES = YES;
				CLANG_ENABLE_OBJC_ARC = YES;
				CLANG_WARN_DOCUMENTATION_COMMENTS = YES;
				CLANG_WARN_QUOTED_INCLUDE_IN_FRAMEWORK_HEADER = YES;
				CLANG_WARN_UNGUARDED_AVAILABILITY = YES_AGGRESSIVE;
				CODE_SIGN_STYLE = Manual;
				COPY_PHASE_STRIP = YES;
				DEBUG_INFORMATION_FORMAT = "dwarf-with-dsym";
				ENABLE_NS_ASSERTIONS = NO;
				ENABLE_STRICT_OBJC_MSGSEND = YES;
				GCC_C_LANGUAGE_STANDARD = gnu17;
				GCC_NO_COMMON_BLOCKS = YES;
				GCC_WARN_64_TO_32_BIT_CONVERSION = YES;
				GCC_WARN_UNDECLARED_SELECTOR = YES;
				GCC_WARN_UNINITIALIZED_AUTOS = YES_AGGRESSIVE;
				IPHONEOS_DEPLOYMENT_TARGET = 26.0;
				MTL_FAST_MATH = YES;
				SDKROOT = iphoneos;
				SWIFT_COMPILATION_MODE = wholemodule;
				VALIDATE_PRODUCT = YES;
			};
			name = Release;
		};
		A90000000000000000000003 /* Debug */ = {
			isa = XCBuildConfiguration;
			buildSettings = {
				CODE_SIGN_ENTITLEMENTS = Entitlements/Main.entitlements;
				CODE_SIGN_STYLE = Manual;
				CURRENT_PROJECT_VERSION = 1;
				DEVELOPMENT_TEAM = "";
				INFOPLIST_FILE = InfoPlist/Main-Info.plist;
				LD_RUNPATH_SEARCH_PATHS = "$(inherited) @executable_path/Frameworks";
				MARKETING_VERSION = 1.0;
				PRODUCT_BUNDLE_IDENTIFIER = app.wephone.vpn;
				PRODUCT_NAME = "$(TARGET_NAME)";
				PROVISIONING_PROFILE_SPECIFIER = "$(APP_PROVISIONING_PROFILE_SPECIFIER)";
				SWIFT_EMIT_LOC_STRINGS = YES;
				SWIFT_VERSION = 5.0;
				TARGETED_DEVICE_FAMILY = "1,2";
			};
			name = Debug;
		};
		A90000000000000000000004 /* Release */ = {
			isa = XCBuildConfiguration;
			buildSettings = {
				CODE_SIGN_ENTITLEMENTS = Entitlements/Main.entitlements;
				CODE_SIGN_STYLE = Manual;
				CURRENT_PROJECT_VERSION = 1;
				DEVELOPMENT_TEAM = "";
				INFOPLIST_FILE = InfoPlist/Main-Info.plist;
				LD_RUNPATH_SEARCH_PATHS = "$(inherited) @executable_path/Frameworks";
				MARKETING_VERSION = 1.0;
				PRODUCT_BUNDLE_IDENTIFIER = app.wephone.vpn;
				PRODUCT_NAME = "$(TARGET_NAME)";
				PROVISIONING_PROFILE_SPECIFIER = "$(APP_PROVISIONING_PROFILE_SPECIFIER)";
				SWIFT_EMIT_LOC_STRINGS = YES;
				SWIFT_VERSION = 5.0;
				TARGETED_DEVICE_FAMILY = "1,2";
			};
			name = Release;
		};
		A90000000000000000000005 /* Debug */ = {
			isa = XCBuildConfiguration;
			buildSettings = {
				APPLICATION_EXTENSION_API_ONLY = YES;
				CODE_SIGN_ENTITLEMENTS = Entitlements/PacketTunnel.entitlements;
				CODE_SIGN_STYLE = Manual;
				CURRENT_PROJECT_VERSION = 1;
				DEVELOPMENT_TEAM = "";
				INFOPLIST_FILE = InfoPlist/PacketTunnel-Info.plist;
				LD_RUNPATH_SEARCH_PATHS = "$(inherited) @executable_path/Frameworks @executable_path/../../Frameworks";
				MARKETING_VERSION = 1.0;
				PRODUCT_BUNDLE_IDENTIFIER = app.wephone.vpn.PacketTunnel;
				PRODUCT_NAME = "$(TARGET_NAME)";
				PROVISIONING_PROFILE_SPECIFIER = "$(EXT_PROVISIONING_PROFILE_SPECIFIER)";
				SKIP_INSTALL = YES;
				SWIFT_EMIT_LOC_STRINGS = YES;
				SWIFT_VERSION = 5.0;
				TARGETED_DEVICE_FAMILY = "1,2";
			};
			name = Debug;
		};
		A90000000000000000000006 /* Release */ = {
			isa = XCBuildConfiguration;
			buildSettings = {
				APPLICATION_EXTENSION_API_ONLY = YES;
				CODE_SIGN_ENTITLEMENTS = Entitlements/PacketTunnel.entitlements;
				CODE_SIGN_STYLE = Manual;
				CURRENT_PROJECT_VERSION = 1;
				DEVELOPMENT_TEAM = "";
				INFOPLIST_FILE = InfoPlist/PacketTunnel-Info.plist;
				LD_RUNPATH_SEARCH_PATHS = "$(inherited) @executable_path/Frameworks @executable_path/../../Frameworks";
				MARKETING_VERSION = 1.0;
				PRODUCT_BUNDLE_IDENTIFIER = app.wephone.vpn.PacketTunnel;
				PRODUCT_NAME = "$(TARGET_NAME)";
				PROVISIONING_PROFILE_SPECIFIER = "$(EXT_PROVISIONING_PROFILE_SPECIFIER)";
				SKIP_INSTALL = YES;
				SWIFT_EMIT_LOC_STRINGS = YES;
				SWIFT_VERSION = 5.0;
				TARGETED_DEVICE_FAMILY = "1,2";
			};
			name = Release;
		};
/* End XCBuildConfiguration section */

/* Begin XCConfigurationList section */
		A80000000000000000000001 /* Build configuration list for PBXProject "WPhone" */ = {
			isa = XCConfigurationList;
			buildConfigurations = (
				A90000000000000000000001 /* Debug */,
				A90000000000000000000002 /* Release */,
			);
			defaultConfigurationIsVisible = 0;
			defaultConfigurationName = Release;
		};
		A80000000000000000000002 /* Build configuration list for PBXNativeTarget "WPhone" */ = {
			isa = XCConfigurationList;
			buildConfigurations = (
				A90000000000000000000003 /* Debug */,
				A90000000000000000000004 /* Release */,
			);
			defaultConfigurationIsVisible = 0;
			defaultConfigurationName = Release;
		};
		A80000000000000000000003 /* Build configuration list for PBXNativeTarget "PacketTunnel" */ = {
			isa = XCConfigurationList;
			buildConfigurations = (
				A90000000000000000000005 /* Debug */,
				A90000000000000000000006 /* Release */,
			);
			defaultConfigurationIsVisible = 0;
			defaultConfigurationName = Release;
		};
/* End XCConfigurationList section */
	};
	rootObject = A70000000000000000000001 /* Project object */;
}
